
Microsoft Visual Studio Solution File, Format Version 12.00
# Visual Studio Version 17
VisualStudioVersion = 17.4.33213.308
MinimumVisualStudioVersion = 10.0.40219.1
Project("{FAE04EC0-301F-11D3-BF4B-00C04F79EFBC}") = "OddEncounters", "OddEncounters\OddEncounters.csproj", "{A2C1603A-C09C-4F8E-B264-18D9B44CAF9F}"
EndProject
Project("{FAE04EC0-301F-11D3-BF4B-00C04F79EFBC}") = "Phonebook", "Phonebook\Phonebook.csproj", "{8C4C9AAF-E465-4279-90C4-10342A9013A9}"
EndProject
Project("{FAE04EC0-301F-11D3-BF4B-00C04F79EFBC}") = "AMinerTask", "AMinerTask\AMinerTask.csproj", "{987E368A-2EBD-4B27-A96E-5B2E3F6AAFB7}"
EndProject
Project("{FAE04EC0-301F-11D3-BF4B-00C04F79EFBC}") = "Supermarket", "Supermarket\Supermarket.csproj", "{0E804D5F-E72E-42DF-AB91-75FC78E7172E}"
EndProject
Global
	GlobalSection(SolutionConfigurationPlatforms) = preSolution
		Debug|Any CPU = Debug|Any CPU
		Release|Any CPU = Release|Any CPU
	EndGlobalSection
	GlobalSection(ProjectConfigurationPlatforms) = postSolution
		{A2C1603A-C09C-4F8E-B264-18D9B44CAF9F}.Debug|Any CPU.ActiveCfg = Debug|Any CPU
		{A2C1603A-C09C-4F8E-B264-18D9B44CAF9F}.Debug|Any CPU.Build.0 = Debug|Any CPU
		{A2C1603A-C09C-4F8E-B264-18D9B44CAF9F}.Release|Any CPU.ActiveCfg = Release|Any CPU
		{A2C1603A-C09C-4F8E-B264-18D9B44CAF9F}.Release|Any CPU.Build.0 = Release|Any CPU
		{8C4C9AAF-E465-4279-90C4-10342A9013A9}.Debug|Any CPU.ActiveCfg = Debug|Any CPU
		{8C4C9AAF-E465-4279-90C4-10342A9013A9}.Debug|Any CPU.Build.0 = Debug|Any CPU
		{8C4C9AAF-E465-4279-90C4-10342A9013A9}.Release|Any CPU.ActiveCfg = Release|Any CPU
		{8C4C9AAF-E465-4279-90C4-10342A9013A9}.Release|Any CPU.Build.0 = Release|Any CPU
		{987E368A-2EBD-4B27-A96E-5B2E3F6AAFB7}.Debug|Any CPU.ActiveCfg = Debug|Any CPU
		{987E368A-2EBD-4B27-A96E-5B2E3F6AAFB7}.Debug|Any CPU.Build.0 = Debug|Any CPU
		{987E368A-2EBD-4B27-A96E-5B2E3F6AAFB7}.Release|Any CPU.ActiveCfg = Release|Any CPU
		{987E368A-2EBD-4B27-A96E-5B2E3F6AAFB7}.Release|Any CPU.Build.0 = Release|Any CPU
		{0E804D5F-E72E-42DF-AB91-75FC78E7172E}.Debug|Any CPU.ActiveCfg = Debug|Any CPU
		{0E804D5F-E72E-42DF-AB91-75FC78E7172E}.Debug|Any CPU.Build.0 = Debug|Any CPU
		{0E804D5F-E72E-42DF-AB91-75FC78E7172E}.Release|Any CPU.ActiveCfg = Release|Any CPU
		{0E804D5F-E72E-42DF-AB91-75FC78E7172E}.Release|Any CPU.Build.0 = Release|Any CPU
	EndGlobalSection
	GlobalSection(SolutionProperties) = preSolution
		HideSolutionNode = FALSE
	EndGlobalSection
	GlobalSection(ExtensibilityGlobals) = postSolution
		SolutionGuid = {1B9DB714-F20C-4E26-B379-2C5A6806FD3A}
	EndGlobalSection
EndGlobal
